{
  "requires": true,
  "lockfileVersion": 1,
  "dependencies": {
    "@types/node": {
      "version": "10.12.18",
      "resolved": "https://registry.npmjs.org/@types/node/-/node-10.12.18.tgz",
      "integrity": "sha512-fh+pAqt4xRzPfqA6eh3Z2y6fyZavRIumvjhaCL753+TVkGKGhpPeyrJG2JftD0T9q4GF00KjefsQ+PQNDdWQaQ==",
      "dev": true
    },
    "@types/three": {
      "version": "0.93.14",
      "resolved": "https://registry.npmjs.org/@types/three/-/three-0.93.14.tgz",
      "integrity": "sha512-JoWjJgenniZsD6lLUXId2g8aV38mn8vd4H5Gf1HfFalQ0NhdpUaqvT1OMNC9Bk8HHeF3EEuYZv3dx9CpjUc8IA=="
    }
  }
}
